
Microsoft Visual Studio Solution File, Format Version 12.00
# Visual Studio 15
VisualStudioVersion = 15.0.28307.539
MinimumVisualStudioVersion = 10.0.40219.1
Project("{FAE04EC0-301F-11D3-BF4B-00C04F79EFBC}") = "ConsoleApp11", "ConsoleApp11\ConsoleApp11.csproj", "{9A5C2751-7375-4121-A519-F04416BC37FE}"
EndProject
Global
	GlobalSection(SolutionConfigurationPlatforms) = preSolution
		Debug|Any CPU = Debug|Any CPU
		Release|Any CPU = Release|Any CPU
	EndGlobalSection
	GlobalSection(ProjectConfigurationPlatforms) = postSolution
		{9A5C2751-7375-4121-A519-F04416BC37FE}.Debug|Any CPU.ActiveCfg = Debug|Any CPU
		{9A5C2751-7375-4121-A519-F04416BC37FE}.Debug|Any CPU.Build.0 = Debug|Any CPU
		{9A5C2751-7375-4121-A519-F04416BC37FE}.Release|Any CPU.ActiveCfg = Release|Any CPU
		{9A5C2751-7375-4121-A519-F04416BC37FE}.Release|Any CPU.Build.0 = Release|Any CPU
	EndGlobalSection
	GlobalSection(SolutionProperties) = preSolution
		HideSolutionNode = FALSE
	EndGlobalSection
	GlobalSection(ExtensibilityGlobals) = postSolution
		SolutionGuid = {61975EDF-2301-4313-A0BD-78F56DADD4BE}
	EndGlobalSection
EndGlobal
